// !$*UTF8*$!
{
	archiveVersion = 1;
	classes = {
	};
	objectVersion = 46;
	objects = {

/* Begin PBXBuildFile section */
		797C9DC51A3C65AF0053B2DD /* main.c in Sources */ = {isa = PBXBuildFile; fileRef = 797C9DC41A3C65AF0053B2DD /* main.c */; };
		797C9DCA1A3C664A0053B2DD /* liblbfgs.a in Frameworks */ = {isa = PBXBuildFile; fileRef = 797C9DC91A3C664A0053B2DD /* liblbfgs.a */; };
/* End PBXBuildFile section */

/* Begin PBXCopyFilesBuildPhase section */
		797C9DC01A3C65AF0053B2DD /* CopyFiles */ = {
			isa = PBXCopyFilesBuildPhase;
			buildActionMask = 2147483647;
			dstPath = /usr/share/man/man1/;
			dstSubfolderSpec = 0;
			files = (
			);
			runOnlyForDeploymentPostprocessing = 1;
		};
/* End PBXCopyFilesBuildPhase section */

/* Begin PBXFileReference section */
		797C9DC21A3C65AF0053B2DD /* Example01-c */ = {isa = PBXFileReference; explicitFileType = "compiled.mach-o.executable"; includeInIndex = 0; path = "Example01-c"; sourceTree = BUILT_PRODUCTS_DIR; };
		797C9DC41A3C65AF0053B2DD /* main.c */ = {isa = PBXFileReference; lastKnownFileType = sourcecode.c.c; path = main.c; sourceTree = "<group>"; };
		797C9DC91A3C664A0053B2DD /* liblbfgs.a */ = {isa = PBXFileReference; lastKnownFileType = archive.ar; name = liblbfgs.a; path = "../../../../Library/Developer/Xcode/DerivedData/L-BFGS-chncidfixdfdujajqtwqlyvjnlij/Build/Products/Debug/liblbfgs.a"; sourceTree = "<group>"; };
/* End PBXFileReference section */

/* Begin PBXFrameworksBuildPhase section */
		797C9DBF1A3C65AF0053B2DD /* Frameworks */ = {
			isa = PBXFrameworksBuildPhase;
			buildActionMask = 2147483647;
			files = (
				797C9DCA1A3C664A0053B2DD /* liblbfgs.a in Frameworks */,
			);
			runOnlyForDeploymentPostprocessing = 0;
		};
/* End PBXFrameworksBuildPhase section */

/* Begin PBXGroup section */
		797C9DC31A3C65AF0053B2DD /* Example01-c */ = {
			isa = PBXGroup;
			children = (
				797C9DC41A3C65AF0053B2DD /* main.c */,
			);
			path = "Example01-c";
			sourceTree = "<group>";
		};
		797D79BA1A335BD300FC9C93 = {
			isa = PBXGroup;
			children = (
				797C9DC91A3C664A0053B2DD /* liblbfgs.a */,
				797C9DC31A3C65AF0053B2DD /* Example01-c */,
				797D79C91A335C1700FC9C93 /* Products */,
			);
			sourceTree = "<group>";
		};
		797D79C91A335C1700FC9C93 /* Products */ = {
			isa = PBXGroup;
			children = (
				797C9DC21A3C65AF0053B2DD /* Example01-c */,
			);
			name = Products;
			sourceTree = "<group>";
		};
/* End PBXGroup section */

/* Begin PBXNativeTarget section */
		797C9DC11A3C65AF0053B2DD /* Example01-c */ = {
			isa = PBXNativeTarget;
			buildConfigurationList = 797C9DC61A3C65AF0053B2DD /* Build configuration list for PBXNativeTarget "Example01-c" */;
			buildPhases = (
				797C9DBE1A3C65AF0053B2DD /* Sources */,
				797C9DBF1A3C65AF0053B2DD /* Frameworks */,
				797C9DC01A3C65AF0053B2DD /* CopyFiles */,
			);
			buildRules = (
			);
			dependencies = (
			);
			name = "Example01-c";
			productName = "Example01-c";
			productReference = 797C9DC21A3C65AF0053B2DD /* Example01-c */;
			productType = "com.apple.product-type.tool";
		};
/* End PBXNativeTarget section */

/* Begin PBXProject section */
		797D79BB1A335BD300FC9C93 /* Project object */ = {
			isa = PBXProject;
			attributes = {
				LastUpgradeCheck = 0610;
				TargetAttributes = {
					797C9DC11A3C65AF0053B2DD = {
						CreatedOnToolsVersion = 6.1.1;
					};
				};
			};
			buildConfigurationList = 797D79BE1A335BD300FC9C93 /* Build configuration list for PBXProject "Example" */;
			compatibilityVersion = "Xcode 3.2";
			developmentRegion = English;
			hasScannedForEncodings = 0;
			knownRegions = (
				en,
			);
			mainGroup = 797D79BA1A335BD300FC9C93;
			productRefGroup = 797D79C91A335C1700FC9C93 /* Products */;
			projectDirPath = "";
			projectRoot = "";
			targets = (
				797C9DC11A3C65AF0053B2DD /* Example01-c */,
			);
		};
/* End PBXProject section */

/* Begin PBXSourcesBuildPhase section */
		797C9DBE1A3C65AF0053B2DD /* Sources */ = {
			isa = PBXSourcesBuildPhase;
			buildActionMask = 2147483647;
			files = (
				797C9DC51A3C65AF0053B2DD /* main.c in Sources */,
			);
			runOnlyForDeploymentPostprocessing = 0;
		};
/* End PBXSourcesBuildPhase section */

/* Begin XCBuildConfiguration section */
		797C9DC71A3C65AF0053B2DD /* Debug */ = {
			isa = XCBuildConfiguration;
			buildSettings = {
				ALWAYS_SEARCH_USER_PATHS = NO;
				CLANG_CXX_LANGUAGE_STANDARD = "gnu++0x";
				CLANG_CXX_LIBRARY = "libc++";
				CLANG_ENABLE_MODULES = YES;
				CLANG_ENABLE_OBJC_ARC = YES;
				CLANG_WARN_BOOL_CONVERSION = YES;
				CLANG_WARN_CONSTANT_CONVERSION = YES;
				CLANG_WARN_DIRECT_OBJC_ISA_USAGE = YES_ERROR;
				CLANG_WARN_EMPTY_BODY = YES;
				CLANG_WARN_ENUM_CONVERSION = YES;
				CLANG_WARN_INT_CONVERSION = YES;
				CLANG_WARN_OBJC_ROOT_CLASS = YES_ERROR;
				CLANG_WARN_UNREACHABLE_CODE = YES;
				CLANG_WARN__DUPLICATE_METHOD_MATCH = YES;
				COPY_PHASE_STRIP = NO;
				ENABLE_STRICT_OBJC_MSGSEND = YES;
				GCC_C_LANGUAGE_STANDARD = gnu99;
				GCC_DYNAMIC_NO_PIC = NO;
				GCC_OPTIMIZATION_LEVEL = 0;
				GCC_PREPROCESSOR_DEFINITIONS = (
					"DEBUG=1",
					"$(inherited)",
				);
				GCC_SYMBOLS_PRIVATE_EXTERN = NO;
				GCC_WARN_64_TO_32_BIT_CONVERSION = YES;
				GCC_WARN_ABOUT_RETURN_TYPE = YES_ERROR;
				GCC_WARN_UNDECLARED_SELECTOR = YES;
				GCC_WARN_UNINITIALIZED_AUTOS = YES_AGGRESSIVE;
				GCC_WARN_UNUSED_FUNCTION = YES;
				GCC_WARN_UNUSED_VARIABLE = YES;
				HEADER_SEARCH_PATHS = (
					"$(inherited)",
					/Applications/Xcode/Xcode6.1.1.app/Contents/Developer/Toolchains/XcodeDefault.xctoolchain/usr/include,
					"$(PROJECT_DIR)/../L-BFGS/include/**",
				);
				LIBRARY_SEARCH_PATHS = (
					"$(inherited)",
					"$(USER_LIBRARY_DIR)/Developer/Xcode/DerivedData/L-BFGS-chncidfixdfdujajqtwqlyvjnlij/Build/Products/Debug",
				);
				MACOSX_DEPLOYMENT_TARGET = 10.10;
				MTL_ENABLE_DEBUG_INFO = YES;
				ONLY_ACTIVE_ARCH = YES;
				PRODUCT_NAME = "$(TARGET_NAME)";
				SDKROOT = macosx;
			};
			name = Debug;
		};
		797C9DC81A3C65AF0053B2DD /* Release */ = {
			isa = XCBuildConfiguration;
			buildSettings = {
				ALWAYS_SEARCH_USER_PATHS = NO;
				CLANG_CXX_LANGUAGE_STANDARD = "gnu++0x";
				CLANG_CXX_LIBRARY = "libc++";
				CLANG_ENABLE_MODULES = YES;
				CLANG_ENABLE_OBJC_ARC = YES;
				CLANG_WARN_BOOL_CONVERSION = YES;
				CLANG_WARN_CONSTANT_CONVERSION = YES;
				CLANG_WARN_DIRECT_OBJC_ISA_USAGE = YES_ERROR;
				CLANG_WARN_EMPTY_BODY = YES;
				CLANG_WARN_ENUM_CONVERSION = YES;
				CLANG_WARN_INT_CONVERSION = YES;
				CLANG_WARN_OBJC_ROOT_CLASS = YES_ERROR;
				CLANG_WARN_UNREACHABLE_CODE = YES;
				CLANG_WARN__DUPLICATE_METHOD_MATCH = YES;
				COPY_PHASE_STRIP = YES;
				DEBUG_INFORMATION_FORMAT = "dwarf-with-dsym";
				ENABLE_NS_ASSERTIONS = NO;
				ENABLE_STRICT_OBJC_MSGSEND = YES;
				GCC_C_LANGUAGE_STANDARD = gnu99;
				GCC_WARN_64_TO_32_BIT_CONVERSION = YES;
				GCC_WARN_ABOUT_RETURN_TYPE = YES_ERROR;
				GCC_WARN_UNDECLARED_SELECTOR = YES;
				GCC_WARN_UNINITIALIZED_AUTOS = YES_AGGRESSIVE;
				GCC_WARN_UNUSED_FUNCTION = YES;
				GCC_WARN_UNUSED_VARIABLE = YES;
				HEADER_SEARCH_PATHS = (
					"$(inherited)",
					/Applications/Xcode/Xcode6.1.1.app/Contents/Developer/Toolchains/XcodeDefault.xctoolchain/usr/include,
					"$(PROJECT_DIR)/../L-BFGS/include/**",
				);
				LIBRARY_SEARCH_PATHS = (
					"$(inherited)",
					"$(USER_LIBRARY_DIR)/Developer/Xcode/DerivedData/L-BFGS-chncidfixdfdujajqtwqlyvjnlij/Build/Products/Debug",
				);
				MACOSX_DEPLOYMENT_TARGET = 10.10;
				MTL_ENABLE_DEBUG_INFO = NO;
				PRODUCT_NAME = "$(TARGET_NAME)";
				SDKROOT = macosx;
			};
			name = Release;
		};
		797D79BF1A335BD300FC9C93 /* Debug */ = {
			isa = XCBuildConfiguration;
			buildSettings = {
			};
			name = Debug;
		};
		797D79C01A335BD300FC9C93 /* Release */ = {
			isa = XCBuildConfiguration;
			buildSettings = {
			};
			name = Release;
		};
/* End XCBuildConfiguration section */

/* Begin XCConfigurationList section */
		797C9DC61A3C65AF0053B2DD /* Build configuration list for PBXNativeTarget "Example01-c" */ = {
			isa = XCConfigurationList;
			buildConfigurations = (
				797C9DC71A3C65AF0053B2DD /* Debug */,
				797C9DC81A3C65AF0053B2DD /* Release */,
			);
			defaultConfigurationIsVisible = 0;
		};
		797D79BE1A335BD300FC9C93 /* Build configuration list for PBXProject "Example" */ = {
			isa = XCConfigurationList;
			buildConfigurations = (
				797D79BF1A335BD300FC9C93 /* Debug */,
				797D79C01A335BD300FC9C93 /* Release */,
			);
			defaultConfigurationIsVisible = 0;
			defaultConfigurationName = Release;
		};
/* End XCConfigurationList section */
	};
	rootObject = 797D79BB1A335BD300FC9C93 /* Project object */;
}
