// !$*UTF8*$!
{
	archiveVersion = 1;
	classes = {
	};
	objectVersion = 46;
	objects = {

/* Begin PBXBuildFile section */
		796D80F81A3C40FB00259F26 /* liblbfgs.a in Frameworks */ = {isa = PBXBuildFile; fileRef = 796D80F61A3C403300259F26 /* liblbfgs.a */; };
		797D79CC1A335C1700FC9C93 /* main.c in Sources */ = {isa = PBXBuildFile; fileRef = 797D79CB1A335C1700FC9C93 /* main.c */; };
/* End PBXBuildFile section */

/* Begin PBXCopyFilesBuildPhase section */
		797D79C61A335C1700FC9C93 /* CopyFiles */ = {
			isa = PBXCopyFilesBuildPhase;
			buildActionMask = 2147483647;
			dstPath = /usr/share/man/man1/;
			dstSubfolderSpec = 0;
			files = (
			);
			runOnlyForDeploymentPostprocessing = 1;
		};
/* End PBXCopyFilesBuildPhase section */

/* Begin PBXFileReference section */
		796D80EE1A3C403300259F26 /* base.h */ = {isa = PBXFileReference; fileEncoding = 4; lastKnownFileType = sourcecode.c.h; path = base.h; sourceTree = "<group>"; };
		796D80EF1A3C403300259F26 /* defines.h */ = {isa = PBXFileReference; fileEncoding = 4; lastKnownFileType = sourcecode.c.h; path = defines.h; sourceTree = "<group>"; };
		796D80F01A3C403300259F26 /* error.h */ = {isa = PBXFileReference; fileEncoding = 4; lastKnownFileType = sourcecode.c.h; path = error.h; sourceTree = "<group>"; };
		796D80F11A3C403300259F26 /* lbfgs.h */ = {isa = PBXFileReference; fileEncoding = 4; lastKnownFileType = sourcecode.c.h; path = lbfgs.h; sourceTree = "<group>"; };
		796D80F21A3C403300259F26 /* line_search.h */ = {isa = PBXFileReference; fileEncoding = 4; lastKnownFileType = sourcecode.c.h; path = line_search.h; sourceTree = "<group>"; };
		796D80F31A3C403300259F26 /* status.h */ = {isa = PBXFileReference; fileEncoding = 4; lastKnownFileType = sourcecode.c.h; path = status.h; sourceTree = "<group>"; };
		796D80F41A3C403300259F26 /* util.h */ = {isa = PBXFileReference; fileEncoding = 4; lastKnownFileType = sourcecode.c.h; path = util.h; sourceTree = "<group>"; };
		796D80F51A3C403300259F26 /* lbfgs.h */ = {isa = PBXFileReference; fileEncoding = 4; lastKnownFileType = sourcecode.c.h; path = lbfgs.h; sourceTree = "<group>"; };
		796D80F61A3C403300259F26 /* liblbfgs.a */ = {isa = PBXFileReference; lastKnownFileType = archive.ar; path = liblbfgs.a; sourceTree = "<group>"; };
		797D79C81A335C1700FC9C93 /* Example01 */ = {isa = PBXFileReference; explicitFileType = "compiled.mach-o.executable"; includeInIndex = 0; path = Example01; sourceTree = BUILT_PRODUCTS_DIR; };
		797D79CB1A335C1700FC9C93 /* main.c */ = {isa = PBXFileReference; lastKnownFileType = sourcecode.c.c; path = main.c; sourceTree = "<group>"; };
/* End PBXFileReference section */

/* Begin PBXFrameworksBuildPhase section */
		797D79C51A335C1700FC9C93 /* Frameworks */ = {
			isa = PBXFrameworksBuildPhase;
			buildActionMask = 2147483647;
			files = (
				796D80F81A3C40FB00259F26 /* liblbfgs.a in Frameworks */,
			);
			runOnlyForDeploymentPostprocessing = 0;
		};
/* End PBXFrameworksBuildPhase section */

/* Begin PBXGroup section */
		796D80EB1A3C403300259F26 /* Vendor */ = {
			isa = PBXGroup;
			children = (
				796D80EC1A3C403300259F26 /* lbfgs */,
			);
			path = Vendor;
			sourceTree = "<group>";
		};
		796D80EC1A3C403300259F26 /* lbfgs */ = {
			isa = PBXGroup;
			children = (
				796D80ED1A3C403300259F26 /* lbfgs */,
				796D80F51A3C403300259F26 /* lbfgs.h */,
				796D80F61A3C403300259F26 /* liblbfgs.a */,
			);
			path = lbfgs;
			sourceTree = "<group>";
		};
		796D80ED1A3C403300259F26 /* lbfgs */ = {
			isa = PBXGroup;
			children = (
				796D80EE1A3C403300259F26 /* base.h */,
				796D80EF1A3C403300259F26 /* defines.h */,
				796D80F01A3C403300259F26 /* error.h */,
				796D80F11A3C403300259F26 /* lbfgs.h */,
				796D80F21A3C403300259F26 /* line_search.h */,
				796D80F31A3C403300259F26 /* status.h */,
				796D80F41A3C403300259F26 /* util.h */,
			);
			path = lbfgs;
			sourceTree = "<group>";
		};
		797D79BA1A335BD300FC9C93 = {
			isa = PBXGroup;
			children = (
				796D80EB1A3C403300259F26 /* Vendor */,
				797D79CA1A335C1700FC9C93 /* Example01 */,
				797D79C91A335C1700FC9C93 /* Products */,
			);
			sourceTree = "<group>";
		};
		797D79C91A335C1700FC9C93 /* Products */ = {
			isa = PBXGroup;
			children = (
				797D79C81A335C1700FC9C93 /* Example01 */,
			);
			name = Products;
			sourceTree = "<group>";
		};
		797D79CA1A335C1700FC9C93 /* Example01 */ = {
			isa = PBXGroup;
			children = (
				797D79CB1A335C1700FC9C93 /* main.c */,
			);
			path = Example01;
			sourceTree = "<group>";
		};
/* End PBXGroup section */

/* Begin PBXNativeTarget section */
		797D79C71A335C1700FC9C93 /* Example01 */ = {
			isa = PBXNativeTarget;
			buildConfigurationList = 797D79CF1A335C1700FC9C93 /* Build configuration list for PBXNativeTarget "Example01" */;
			buildPhases = (
				797D79C41A335C1700FC9C93 /* Sources */,
				797D79C51A335C1700FC9C93 /* Frameworks */,
				797D79C61A335C1700FC9C93 /* CopyFiles */,
			);
			buildRules = (
			);
			dependencies = (
			);
			name = Example01;
			productName = Example01;
			productReference = 797D79C81A335C1700FC9C93 /* Example01 */;
			productType = "com.apple.product-type.tool";
		};
/* End PBXNativeTarget section */

/* Begin PBXProject section */
		797D79BB1A335BD300FC9C93 /* Project object */ = {
			isa = PBXProject;
			attributes = {
				LastUpgradeCheck = 0610;
				TargetAttributes = {
					797D79C71A335C1700FC9C93 = {
						CreatedOnToolsVersion = 6.1;
					};
				};
			};
			buildConfigurationList = 797D79BE1A335BD300FC9C93 /* Build configuration list for PBXProject "Example" */;
			compatibilityVersion = "Xcode 3.2";
			developmentRegion = English;
			hasScannedForEncodings = 0;
			knownRegions = (
				en,
			);
			mainGroup = 797D79BA1A335BD300FC9C93;
			productRefGroup = 797D79C91A335C1700FC9C93 /* Products */;
			projectDirPath = "";
			projectRoot = "";
			targets = (
				797D79C71A335C1700FC9C93 /* Example01 */,
			);
		};
/* End PBXProject section */

/* Begin PBXSourcesBuildPhase section */
		797D79C41A335C1700FC9C93 /* Sources */ = {
			isa = PBXSourcesBuildPhase;
			buildActionMask = 2147483647;
			files = (
				797D79CC1A335C1700FC9C93 /* main.c in Sources */,
			);
			runOnlyForDeploymentPostprocessing = 0;
		};
/* End PBXSourcesBuildPhase section */

/* Begin XCBuildConfiguration section */
		797D79BF1A335BD300FC9C93 /* Debug */ = {
			isa = XCBuildConfiguration;
			buildSettings = {
			};
			name = Debug;
		};
		797D79C01A335BD300FC9C93 /* Release */ = {
			isa = XCBuildConfiguration;
			buildSettings = {
			};
			name = Release;
		};
		797D79CD1A335C1700FC9C93 /* Debug */ = {
			isa = XCBuildConfiguration;
			buildSettings = {
				ALWAYS_SEARCH_USER_PATHS = NO;
				CLANG_CXX_LANGUAGE_STANDARD = "gnu++0x";
				CLANG_CXX_LIBRARY = "libc++";
				CLANG_ENABLE_MODULES = YES;
				CLANG_ENABLE_OBJC_ARC = YES;
				CLANG_WARN_BOOL_CONVERSION = YES;
				CLANG_WARN_CONSTANT_CONVERSION = YES;
				CLANG_WARN_DIRECT_OBJC_ISA_USAGE = YES_ERROR;
				CLANG_WARN_EMPTY_BODY = YES;
				CLANG_WARN_ENUM_CONVERSION = YES;
				CLANG_WARN_INT_CONVERSION = YES;
				CLANG_WARN_OBJC_ROOT_CLASS = YES_ERROR;
				CLANG_WARN_UNREACHABLE_CODE = YES;
				CLANG_WARN__DUPLICATE_METHOD_MATCH = YES;
				COPY_PHASE_STRIP = NO;
				ENABLE_STRICT_OBJC_MSGSEND = YES;
				GCC_C_LANGUAGE_STANDARD = gnu99;
				GCC_DYNAMIC_NO_PIC = NO;
				GCC_OPTIMIZATION_LEVEL = 0;
				GCC_PREPROCESSOR_DEFINITIONS = (
					"DEBUG=1",
					"$(inherited)",
				);
				GCC_SYMBOLS_PRIVATE_EXTERN = NO;
				GCC_WARN_64_TO_32_BIT_CONVERSION = YES;
				GCC_WARN_ABOUT_RETURN_TYPE = YES_ERROR;
				GCC_WARN_UNDECLARED_SELECTOR = YES;
				GCC_WARN_UNINITIALIZED_AUTOS = YES_AGGRESSIVE;
				GCC_WARN_UNUSED_FUNCTION = YES;
				GCC_WARN_UNUSED_VARIABLE = YES;
				HEADER_SEARCH_PATHS = (
					"$(inherited)",
					"$(PROJECT_DIR)/Vendor/**",
					/Applications/Xcode/Xcode6.1.1.app/Contents/Developer/Toolchains/XcodeDefault.xctoolchain/usr/include,
				);
				LIBRARY_SEARCH_PATHS = (
					"$(inherited)",
					"$(PROJECT_DIR)/Vendor/lbfgs",
					"$(PROJECT_DIR)",
				);
				MACOSX_DEPLOYMENT_TARGET = 10.10;
				MTL_ENABLE_DEBUG_INFO = YES;
				ONLY_ACTIVE_ARCH = YES;
				OTHER_LDFLAGS = (
					"-ObjC",
					"-all_load",
				);
				PRODUCT_NAME = "$(TARGET_NAME)";
				SDKROOT = macosx;
			};
			name = Debug;
		};
		797D79CE1A335C1700FC9C93 /* Release */ = {
			isa = XCBuildConfiguration;
			buildSettings = {
				ALWAYS_SEARCH_USER_PATHS = NO;
				CLANG_CXX_LANGUAGE_STANDARD = "gnu++0x";
				CLANG_CXX_LIBRARY = "libc++";
				CLANG_ENABLE_MODULES = YES;
				CLANG_ENABLE_OBJC_ARC = YES;
				CLANG_WARN_BOOL_CONVERSION = YES;
				CLANG_WARN_CONSTANT_CONVERSION = YES;
				CLANG_WARN_DIRECT_OBJC_ISA_USAGE = YES_ERROR;
				CLANG_WARN_EMPTY_BODY = YES;
				CLANG_WARN_ENUM_CONVERSION = YES;
				CLANG_WARN_INT_CONVERSION = YES;
				CLANG_WARN_OBJC_ROOT_CLASS = YES_ERROR;
				CLANG_WARN_UNREACHABLE_CODE = YES;
				CLANG_WARN__DUPLICATE_METHOD_MATCH = YES;
				COPY_PHASE_STRIP = YES;
				DEBUG_INFORMATION_FORMAT = "dwarf-with-dsym";
				ENABLE_NS_ASSERTIONS = NO;
				ENABLE_STRICT_OBJC_MSGSEND = YES;
				GCC_C_LANGUAGE_STANDARD = gnu99;
				GCC_WARN_64_TO_32_BIT_CONVERSION = YES;
				GCC_WARN_ABOUT_RETURN_TYPE = YES_ERROR;
				GCC_WARN_UNDECLARED_SELECTOR = YES;
				GCC_WARN_UNINITIALIZED_AUTOS = YES_AGGRESSIVE;
				GCC_WARN_UNUSED_FUNCTION = YES;
				GCC_WARN_UNUSED_VARIABLE = YES;
				HEADER_SEARCH_PATHS = (
					"$(inherited)",
					"$(PROJECT_DIR)/Vendor/**",
					/Applications/Xcode/Xcode6.1.1.app/Contents/Developer/Toolchains/XcodeDefault.xctoolchain/usr/include,
				);
				LIBRARY_SEARCH_PATHS = (
					"$(inherited)",
					"$(PROJECT_DIR)/Vendor/lbfgs",
					"$(PROJECT_DIR)",
				);
				MACOSX_DEPLOYMENT_TARGET = 10.10;
				MTL_ENABLE_DEBUG_INFO = NO;
				OTHER_LDFLAGS = (
					"-ObjC",
					"-all_load",
				);
				PRODUCT_NAME = "$(TARGET_NAME)";
				SDKROOT = macosx;
			};
			name = Release;
		};
/* End XCBuildConfiguration section */

/* Begin XCConfigurationList section */
		797D79BE1A335BD300FC9C93 /* Build configuration list for PBXProject "Example" */ = {
			isa = XCConfigurationList;
			buildConfigurations = (
				797D79BF1A335BD300FC9C93 /* Debug */,
				797D79C01A335BD300FC9C93 /* Release */,
			);
			defaultConfigurationIsVisible = 0;
			defaultConfigurationName = Release;
		};
		797D79CF1A335C1700FC9C93 /* Build configuration list for PBXNativeTarget "Example01" */ = {
			isa = XCConfigurationList;
			buildConfigurations = (
				797D79CD1A335C1700FC9C93 /* Debug */,
				797D79CE1A335C1700FC9C93 /* Release */,
			);
			defaultConfigurationIsVisible = 0;
			defaultConfigurationName = Release;
		};
/* End XCConfigurationList section */
	};
	rootObject = 797D79BB1A335BD300FC9C93 /* Project object */;
}
