// !$*UTF8*$!
{
	archiveVersion = 1;
	classes = {
	};
	objectVersion = 46;
	objects = {

/* Begin PBXBuildFile section */
		796D80D91A3C268800259F26 /* base.h in Headers */ = {isa = PBXBuildFile; fileRef = 796D80D11A3C268800259F26 /* base.h */; };
		796D80DA1A3C268800259F26 /* error.h in Headers */ = {isa = PBXBuildFile; fileRef = 796D80D21A3C268800259F26 /* error.h */; };
		796D80DC1A3C268800259F26 /* line_search.h in Headers */ = {isa = PBXBuildFile; fileRef = 796D80D41A3C268800259F26 /* line_search.h */; };
		796D80DD1A3C268800259F26 /* status.h in Headers */ = {isa = PBXBuildFile; fileRef = 796D80D51A3C268800259F26 /* status.h */; };
		796D80DE1A3C268800259F26 /* lbfgs.h in Headers */ = {isa = PBXBuildFile; fileRef = 796D80D61A3C268800259F26 /* lbfgs.h */; };
		796D80DF1A3C268800259F26 /* lbfgs.c in Sources */ = {isa = PBXBuildFile; fileRef = 796D80D71A3C268800259F26 /* lbfgs.c */; };
		796D80E01A3C268800259F26 /* line_search.c in Sources */ = {isa = PBXBuildFile; fileRef = 796D80D81A3C268800259F26 /* line_search.c */; };
		796D80E21A3C2ABC00259F26 /* lbfgs.h in Headers */ = {isa = PBXBuildFile; fileRef = 796D80E11A3C2ABC00259F26 /* lbfgs.h */; };
		796D80E41A3C2F4D00259F26 /* defines.h in Headers */ = {isa = PBXBuildFile; fileRef = 796D80E31A3C2F4D00259F26 /* defines.h */; };
		796D80E61A3C39A300259F26 /* util.h in Headers */ = {isa = PBXBuildFile; fileRef = 796D80E51A3C39A300259F26 /* util.h */; };
		796D80EA1A3C39B900259F26 /* util.c in Sources */ = {isa = PBXBuildFile; fileRef = 796D80E91A3C39B900259F26 /* util.c */; };
		796D80FA1A3C4A3300259F26 /* lbfgs_function.h in Headers */ = {isa = PBXBuildFile; fileRef = 796D80F91A3C4A3300259F26 /* lbfgs_function.h */; };
		796D80FC1A3C4A6800259F26 /* lbfgs_function.c in Sources */ = {isa = PBXBuildFile; fileRef = 796D80FB1A3C4A6800259F26 /* lbfgs_function.c */; };
		796D80FE1A3C552700259F26 /* lbfgs_parameter.h in Headers */ = {isa = PBXBuildFile; fileRef = 796D80FD1A3C552700259F26 /* lbfgs_parameter.h */; };
		796D81001A3C553700259F26 /* line_search_parameter.h in Headers */ = {isa = PBXBuildFile; fileRef = 796D80FF1A3C553700259F26 /* line_search_parameter.h */; };
		79BC0A121A3C57A100CD91A6 /* lbfgs_info.h in Headers */ = {isa = PBXBuildFile; fileRef = 79BC0A111A3C57A100CD91A6 /* lbfgs_info.h */; };
		79BC0A1F1A3C5A9600CD91A6 /* lbfgs_parameter.c in Sources */ = {isa = PBXBuildFile; fileRef = 79BC0A1E1A3C5A9600CD91A6 /* lbfgs_parameter.c */; };
		79BC0A211A3C5AAD00CD91A6 /* line_search_parameter.c in Sources */ = {isa = PBXBuildFile; fileRef = 79BC0A201A3C5AAD00CD91A6 /* line_search_parameter.c */; };
/* End PBXBuildFile section */

/* Begin PBXFileReference section */
		796D80D11A3C268800259F26 /* base.h */ = {isa = PBXFileReference; fileEncoding = 4; lastKnownFileType = sourcecode.c.h; path = base.h; sourceTree = "<group>"; };
		796D80D21A3C268800259F26 /* error.h */ = {isa = PBXFileReference; fileEncoding = 4; lastKnownFileType = sourcecode.c.h; path = error.h; sourceTree = "<group>"; };
		796D80D41A3C268800259F26 /* line_search.h */ = {isa = PBXFileReference; fileEncoding = 4; lastKnownFileType = sourcecode.c.h; path = line_search.h; sourceTree = "<group>"; };
		796D80D51A3C268800259F26 /* status.h */ = {isa = PBXFileReference; fileEncoding = 4; lastKnownFileType = sourcecode.c.h; path = status.h; sourceTree = "<group>"; };
		796D80D61A3C268800259F26 /* lbfgs.h */ = {isa = PBXFileReference; fileEncoding = 4; lastKnownFileType = sourcecode.c.h; path = lbfgs.h; sourceTree = "<group>"; };
		796D80D71A3C268800259F26 /* lbfgs.c */ = {isa = PBXFileReference; fileEncoding = 4; lastKnownFileType = sourcecode.c.c; path = lbfgs.c; sourceTree = "<group>"; };
		796D80D81A3C268800259F26 /* line_search.c */ = {isa = PBXFileReference; fileEncoding = 4; lastKnownFileType = sourcecode.c.c; path = line_search.c; sourceTree = "<group>"; };
		796D80E11A3C2ABC00259F26 /* lbfgs.h */ = {isa = PBXFileReference; fileEncoding = 4; lastKnownFileType = sourcecode.c.h; path = lbfgs.h; sourceTree = "<group>"; };
		796D80E31A3C2F4D00259F26 /* defines.h */ = {isa = PBXFileReference; fileEncoding = 4; lastKnownFileType = sourcecode.c.h; path = defines.h; sourceTree = "<group>"; };
		796D80E51A3C39A300259F26 /* util.h */ = {isa = PBXFileReference; fileEncoding = 4; lastKnownFileType = sourcecode.c.h; path = util.h; sourceTree = "<group>"; };
		796D80E91A3C39B900259F26 /* util.c */ = {isa = PBXFileReference; fileEncoding = 4; lastKnownFileType = sourcecode.c.c; path = util.c; sourceTree = "<group>"; };
		796D80F91A3C4A3300259F26 /* lbfgs_function.h */ = {isa = PBXFileReference; fileEncoding = 4; lastKnownFileType = sourcecode.c.h; path = lbfgs_function.h; sourceTree = "<group>"; };
		796D80FB1A3C4A6800259F26 /* lbfgs_function.c */ = {isa = PBXFileReference; fileEncoding = 4; lastKnownFileType = sourcecode.c.c; path = lbfgs_function.c; sourceTree = "<group>"; };
		796D80FD1A3C552700259F26 /* lbfgs_parameter.h */ = {isa = PBXFileReference; fileEncoding = 4; lastKnownFileType = sourcecode.c.h; path = lbfgs_parameter.h; sourceTree = "<group>"; };
		796D80FF1A3C553700259F26 /* line_search_parameter.h */ = {isa = PBXFileReference; fileEncoding = 4; lastKnownFileType = sourcecode.c.h; path = line_search_parameter.h; sourceTree = "<group>"; };
		797D79EA1A335EB700FC9C93 /* liblbfgs.a */ = {isa = PBXFileReference; explicitFileType = archive.ar; includeInIndex = 0; path = liblbfgs.a; sourceTree = BUILT_PRODUCTS_DIR; };
		79BC0A111A3C57A100CD91A6 /* lbfgs_info.h */ = {isa = PBXFileReference; fileEncoding = 4; lastKnownFileType = sourcecode.c.h; path = lbfgs_info.h; sourceTree = "<group>"; };
		79BC0A1E1A3C5A9600CD91A6 /* lbfgs_parameter.c */ = {isa = PBXFileReference; fileEncoding = 4; lastKnownFileType = sourcecode.c.c; path = lbfgs_parameter.c; sourceTree = "<group>"; };
		79BC0A201A3C5AAD00CD91A6 /* line_search_parameter.c */ = {isa = PBXFileReference; fileEncoding = 4; lastKnownFileType = sourcecode.c.c; path = line_search_parameter.c; sourceTree = "<group>"; };
/* End PBXFileReference section */

/* Begin PBXFrameworksBuildPhase section */
		797D79E71A335EB700FC9C93 /* Frameworks */ = {
			isa = PBXFrameworksBuildPhase;
			buildActionMask = 2147483647;
			files = (
			);
			runOnlyForDeploymentPostprocessing = 0;
		};
/* End PBXFrameworksBuildPhase section */

/* Begin PBXGroup section */
		796D80CE1A3C268800259F26 /* L-BFGS */ = {
			isa = PBXGroup;
			children = (
				796D80CF1A3C268800259F26 /* include */,
				796D80E91A3C39B900259F26 /* util.c */,
				796D80D71A3C268800259F26 /* lbfgs.c */,
				796D80FB1A3C4A6800259F26 /* lbfgs_function.c */,
				79BC0A1E1A3C5A9600CD91A6 /* lbfgs_parameter.c */,
				796D80D81A3C268800259F26 /* line_search.c */,
				79BC0A201A3C5AAD00CD91A6 /* line_search_parameter.c */,
			);
			path = "L-BFGS";
			sourceTree = "<group>";
		};
		796D80CF1A3C268800259F26 /* include */ = {
			isa = PBXGroup;
			children = (
				796D80D01A3C268800259F26 /* lbfgs */,
				796D80D61A3C268800259F26 /* lbfgs.h */,
			);
			path = include;
			sourceTree = "<group>";
		};
		796D80D01A3C268800259F26 /* lbfgs */ = {
			isa = PBXGroup;
			children = (
				796D80E31A3C2F4D00259F26 /* defines.h */,
				796D80D11A3C268800259F26 /* base.h */,
				796D80D51A3C268800259F26 /* status.h */,
				796D80D21A3C268800259F26 /* error.h */,
				796D80E51A3C39A300259F26 /* util.h */,
				796D80E11A3C2ABC00259F26 /* lbfgs.h */,
				796D80F91A3C4A3300259F26 /* lbfgs_function.h */,
				796D80FD1A3C552700259F26 /* lbfgs_parameter.h */,
				79BC0A111A3C57A100CD91A6 /* lbfgs_info.h */,
				796D80D41A3C268800259F26 /* line_search.h */,
				796D80FF1A3C553700259F26 /* line_search_parameter.h */,
			);
			path = lbfgs;
			sourceTree = "<group>";
		};
		797D79B31A3359F700FC9C93 = {
			isa = PBXGroup;
			children = (
				796D80CE1A3C268800259F26 /* L-BFGS */,
				797D79EB1A335EB700FC9C93 /* Products */,
			);
			sourceTree = "<group>";
		};
		797D79EB1A335EB700FC9C93 /* Products */ = {
			isa = PBXGroup;
			children = (
				797D79EA1A335EB700FC9C93 /* liblbfgs.a */,
			);
			name = Products;
			sourceTree = "<group>";
		};
/* End PBXGroup section */

/* Begin PBXHeadersBuildPhase section */
		797D79E81A335EB700FC9C93 /* Headers */ = {
			isa = PBXHeadersBuildPhase;
			buildActionMask = 2147483647;
			files = (
				796D80E41A3C2F4D00259F26 /* defines.h in Headers */,
				796D80DC1A3C268800259F26 /* line_search.h in Headers */,
				796D80E61A3C39A300259F26 /* util.h in Headers */,
				796D80FE1A3C552700259F26 /* lbfgs_parameter.h in Headers */,
				796D80DD1A3C268800259F26 /* status.h in Headers */,
				796D80DE1A3C268800259F26 /* lbfgs.h in Headers */,
				796D80FA1A3C4A3300259F26 /* lbfgs_function.h in Headers */,
				79BC0A121A3C57A100CD91A6 /* lbfgs_info.h in Headers */,
				796D80E21A3C2ABC00259F26 /* lbfgs.h in Headers */,
				796D81001A3C553700259F26 /* line_search_parameter.h in Headers */,
				796D80D91A3C268800259F26 /* base.h in Headers */,
				796D80DA1A3C268800259F26 /* error.h in Headers */,
			);
			runOnlyForDeploymentPostprocessing = 0;
		};
/* End PBXHeadersBuildPhase section */

/* Begin PBXNativeTarget section */
		797D79E91A335EB700FC9C93 /* lbfgs */ = {
			isa = PBXNativeTarget;
			buildConfigurationList = 797D79EC1A335EB700FC9C93 /* Build configuration list for PBXNativeTarget "lbfgs" */;
			buildPhases = (
				797D79E61A335EB700FC9C93 /* Sources */,
				797D79E71A335EB700FC9C93 /* Frameworks */,
				797D79E81A335EB700FC9C93 /* Headers */,
			);
			buildRules = (
			);
			dependencies = (
			);
			name = lbfgs;
			productName = lbfgs;
			productReference = 797D79EA1A335EB700FC9C93 /* liblbfgs.a */;
			productType = "com.apple.product-type.library.static";
		};
/* End PBXNativeTarget section */

/* Begin PBXProject section */
		797D79B41A3359F700FC9C93 /* Project object */ = {
			isa = PBXProject;
			attributes = {
				LastUpgradeCheck = 0610;
				ORGANIZATIONNAME = "Shintaro Kaneko";
				TargetAttributes = {
					797D79E91A335EB700FC9C93 = {
						CreatedOnToolsVersion = 6.1;
					};
				};
			};
			buildConfigurationList = 797D79B71A3359F700FC9C93 /* Build configuration list for PBXProject "L-BFGS" */;
			compatibilityVersion = "Xcode 3.2";
			developmentRegion = English;
			hasScannedForEncodings = 0;
			knownRegions = (
				en,
			);
			mainGroup = 797D79B31A3359F700FC9C93;
			productRefGroup = 797D79EB1A335EB700FC9C93 /* Products */;
			projectDirPath = "";
			projectRoot = "";
			targets = (
				797D79E91A335EB700FC9C93 /* lbfgs */,
			);
		};
/* End PBXProject section */

/* Begin PBXSourcesBuildPhase section */
		797D79E61A335EB700FC9C93 /* Sources */ = {
			isa = PBXSourcesBuildPhase;
			buildActionMask = 2147483647;
			files = (
				796D80FC1A3C4A6800259F26 /* lbfgs_function.c in Sources */,
				79BC0A211A3C5AAD00CD91A6 /* line_search_parameter.c in Sources */,
				796D80DF1A3C268800259F26 /* lbfgs.c in Sources */,
				796D80E01A3C268800259F26 /* line_search.c in Sources */,
				79BC0A1F1A3C5A9600CD91A6 /* lbfgs_parameter.c in Sources */,
				796D80EA1A3C39B900259F26 /* util.c in Sources */,
			);
			runOnlyForDeploymentPostprocessing = 0;
		};
/* End PBXSourcesBuildPhase section */

/* Begin XCBuildConfiguration section */
		797D79B81A3359F700FC9C93 /* Debug */ = {
			isa = XCBuildConfiguration;
			buildSettings = {
			};
			name = Debug;
		};
		797D79B91A3359F700FC9C93 /* Release */ = {
			isa = XCBuildConfiguration;
			buildSettings = {
			};
			name = Release;
		};
		797D79ED1A335EB700FC9C93 /* Debug */ = {
			isa = XCBuildConfiguration;
			buildSettings = {
				ALWAYS_SEARCH_USER_PATHS = NO;
				CLANG_CXX_LANGUAGE_STANDARD = "gnu++0x";
				CLANG_CXX_LIBRARY = "libc++";
				CLANG_ENABLE_MODULES = YES;
				CLANG_ENABLE_OBJC_ARC = YES;
				CLANG_WARN_BOOL_CONVERSION = YES;
				CLANG_WARN_CONSTANT_CONVERSION = YES;
				CLANG_WARN_DIRECT_OBJC_ISA_USAGE = YES_ERROR;
				CLANG_WARN_EMPTY_BODY = YES;
				CLANG_WARN_ENUM_CONVERSION = YES;
				CLANG_WARN_INT_CONVERSION = YES;
				CLANG_WARN_OBJC_ROOT_CLASS = YES_ERROR;
				CLANG_WARN_UNREACHABLE_CODE = YES;
				CLANG_WARN__DUPLICATE_METHOD_MATCH = YES;
				COPY_PHASE_STRIP = NO;
				ENABLE_STRICT_OBJC_MSGSEND = YES;
				EXECUTABLE_PREFIX = lib;
				GCC_C_LANGUAGE_STANDARD = gnu99;
				GCC_DYNAMIC_NO_PIC = NO;
				GCC_OPTIMIZATION_LEVEL = 0;
				GCC_PREPROCESSOR_DEFINITIONS = (
					"DEBUG=1",
					"$(inherited)",
				);
				GCC_SYMBOLS_PRIVATE_EXTERN = NO;
				GCC_WARN_64_TO_32_BIT_CONVERSION = YES;
				GCC_WARN_ABOUT_RETURN_TYPE = YES_ERROR;
				GCC_WARN_UNDECLARED_SELECTOR = YES;
				GCC_WARN_UNINITIALIZED_AUTOS = YES_AGGRESSIVE;
				GCC_WARN_UNUSED_FUNCTION = YES;
				GCC_WARN_UNUSED_VARIABLE = YES;
				MACOSX_DEPLOYMENT_TARGET = 10.10;
				MTL_ENABLE_DEBUG_INFO = YES;
				ONLY_ACTIVE_ARCH = YES;
				PRODUCT_NAME = "$(TARGET_NAME)";
				SDKROOT = macosx;
			};
			name = Debug;
		};
		797D79EE1A335EB700FC9C93 /* Release */ = {
			isa = XCBuildConfiguration;
			buildSettings = {
				ALWAYS_SEARCH_USER_PATHS = NO;
				CLANG_CXX_LANGUAGE_STANDARD = "gnu++0x";
				CLANG_CXX_LIBRARY = "libc++";
				CLANG_ENABLE_MODULES = YES;
				CLANG_ENABLE_OBJC_ARC = YES;
				CLANG_WARN_BOOL_CONVERSION = YES;
				CLANG_WARN_CONSTANT_CONVERSION = YES;
				CLANG_WARN_DIRECT_OBJC_ISA_USAGE = YES_ERROR;
				CLANG_WARN_EMPTY_BODY = YES;
				CLANG_WARN_ENUM_CONVERSION = YES;
				CLANG_WARN_INT_CONVERSION = YES;
				CLANG_WARN_OBJC_ROOT_CLASS = YES_ERROR;
				CLANG_WARN_UNREACHABLE_CODE = YES;
				CLANG_WARN__DUPLICATE_METHOD_MATCH = YES;
				COPY_PHASE_STRIP = YES;
				DEBUG_INFORMATION_FORMAT = "dwarf-with-dsym";
				ENABLE_NS_ASSERTIONS = NO;
				ENABLE_STRICT_OBJC_MSGSEND = YES;
				EXECUTABLE_PREFIX = lib;
				GCC_C_LANGUAGE_STANDARD = gnu99;
				GCC_WARN_64_TO_32_BIT_CONVERSION = YES;
				GCC_WARN_ABOUT_RETURN_TYPE = YES_ERROR;
				GCC_WARN_UNDECLARED_SELECTOR = YES;
				GCC_WARN_UNINITIALIZED_AUTOS = YES_AGGRESSIVE;
				GCC_WARN_UNUSED_FUNCTION = YES;
				GCC_WARN_UNUSED_VARIABLE = YES;
				MACOSX_DEPLOYMENT_TARGET = 10.10;
				MTL_ENABLE_DEBUG_INFO = NO;
				PRODUCT_NAME = "$(TARGET_NAME)";
				SDKROOT = macosx;
			};
			name = Release;
		};
/* End XCBuildConfiguration section */

/* Begin XCConfigurationList section */
		797D79B71A3359F700FC9C93 /* Build configuration list for PBXProject "L-BFGS" */ = {
			isa = XCConfigurationList;
			buildConfigurations = (
				797D79B81A3359F700FC9C93 /* Debug */,
				797D79B91A3359F700FC9C93 /* Release */,
			);
			defaultConfigurationIsVisible = 0;
			defaultConfigurationName = Release;
		};
		797D79EC1A335EB700FC9C93 /* Build configuration list for PBXNativeTarget "lbfgs" */ = {
			isa = XCConfigurationList;
			buildConfigurations = (
				797D79ED1A335EB700FC9C93 /* Debug */,
				797D79EE1A335EB700FC9C93 /* Release */,
			);
			defaultConfigurationIsVisible = 0;
			defaultConfigurationName = Release;
		};
/* End XCConfigurationList section */
	};
	rootObject = 797D79B41A3359F700FC9C93 /* Project object */;
}
